
Microsoft Visual Studio Solution File, Format Version 12.00
# Visual Studio Version 17
VisualStudioVersion = 17.5.33627.172
MinimumVisualStudioVersion = 10.0.40219.1
Project("{FAE04EC0-301F-11D3-BF4B-00C04F79EFBC}") = "Kruzhki", "Kruzhki\Kruzhki.csproj", "{4BE0C37E-64DD-4F02-A6FB-9E2F8B222DED}"
EndProject
Global
	GlobalSection(SolutionConfigurationPlatforms) = preSolution
		Debug|Any CPU = Debug|Any CPU
		Release|Any CPU = Release|Any CPU
	EndGlobalSection
	GlobalSection(ProjectConfigurationPlatforms) = postSolution
		{4BE0C37E-64DD-4F02-A6FB-9E2F8B222DED}.Debug|Any CPU.ActiveCfg = Debug|Any CPU
		{4BE0C37E-64DD-4F02-A6FB-9E2F8B222DED}.Debug|Any CPU.Build.0 = Debug|Any CPU
		{4BE0C37E-64DD-4F02-A6FB-9E2F8B222DED}.Release|Any CPU.ActiveCfg = Release|Any CPU
		{4BE0C37E-64DD-4F02-A6FB-9E2F8B222DED}.Release|Any CPU.Build.0 = Release|Any CPU
	EndGlobalSection
	GlobalSection(SolutionProperties) = preSolution
		HideSolutionNode = FALSE
	EndGlobalSection
	GlobalSection(ExtensibilityGlobals) = postSolution
		SolutionGuid = {767E5918-9625-4CC6-AEB4-DCE754CE3605}
	EndGlobalSection
EndGlobal
